{
  "version": 4,
  "terraform_version": "1.5.5",
  "serial": 3,
  "lineage": "793eca3b-cfa2-b193-0d9a-542b87bbf293",
  "outputs": {
    "mypublicIp": {
      "value": "54.242.223.110",
      "type": "string"
    }
  },
  "resources": [
    {
      "module": "module.instance",
      "mode": "managed",
      "type": "aws_instance",
      "name": "addy",
      "provider": "provider[\"registry.terraform.io/hashicorp/aws\"]",
      "instances": [
        {
          "schema_version": 1,
          "attributes": {
            "ami": "ami-0453898e98046c639",
            "arn": "arn:aws:ec2:us-east-1:451580661174:instance/i-0f4bbe92bdacff0ee",
            "associate_public_ip_address": true,
            "availability_zone": "us-east-1b",
            "capacity_reservation_specification": [
              {
                "capacity_reservation_preference": "open",
                "capacity_reservation_target": []
              }
            ],
            "cpu_core_count": 1,
            "cpu_options": [
              {
                "amd_sev_snp": "",
                "core_count": 1,
                "threads_per_core": 1
              }
            ],
            "cpu_threads_per_core": 1,
            "credit_specification": [
              {
                "cpu_credits": "standard"
              }
            ],
            "disable_api_stop": false,
            "disable_api_termination": false,
            "ebs_block_device": [],
            "ebs_optimized": false,
            "enclave_options": [
              {
                "enabled": false
              }
            ],
            "ephemeral_block_device": [],
            "get_password_data": false,
            "hibernation": false,
            "host_id": "",
            "host_resource_group_arn": null,
            "iam_instance_profile": "",
            "id": "i-0f4bbe92bdacff0ee",
            "instance_initiated_shutdown_behavior": "stop",
            "instance_lifecycle": "",
            "instance_market_options": [],
            "instance_state": "running",
            "instance_type": "t2.micro",
            "ipv6_address_count": 0,
            "ipv6_addresses": [],
            "key_name": "developer",
            "launch_template": [],
            "maintenance_options": [
              {
                "auto_recovery": "default"
              }
            ],
            "metadata_options": [
              {
                "http_endpoint": "enabled",
                "http_protocol_ipv6": "disabled",
                "http_put_response_hop_limit": 1,
                "http_tokens": "optional",
                "instance_metadata_tags": "disabled"
              }
            ],
            "monitoring": false,
            "network_interface": [],
            "outpost_arn": "",
            "password_data": "",
            "placement_group": "",
            "placement_partition_number": 0,
            "primary_network_interface_id": "eni-0a5cca96aa955d4da",
            "private_dns": "ip-172-31-23-154.ec2.internal",
            "private_dns_name_options": [
              {
                "enable_resource_name_dns_a_record": false,
                "enable_resource_name_dns_aaaa_record": false,
                "hostname_type": "ip-name"
              }
            ],
            "private_ip": "172.31.23.154",
            "public_dns": "ec2-54-242-223-110.compute-1.amazonaws.com",
            "public_ip": "54.242.223.110",
            "root_block_device": [
              {
                "delete_on_termination": true,
                "device_name": "/dev/xvda",
                "encrypted": false,
                "iops": 100,
                "kms_key_id": "",
                "tags": {},
                "throughput": 0,
                "volume_id": "vol-0d8b98472438fddbc",
                "volume_size": 8,
                "volume_type": "gp2"
              }
            ],
            "secondary_private_ips": [],
            "security_groups": [
              "default"
            ],
            "source_dest_check": true,
            "spot_instance_request_id": "",
            "subnet_id": "subnet-0522c648",
            "tags": {
              "Name": "first-instance"
            },
            "tags_all": {
              "Name": "first-instance"
            },
            "tenancy": "default",
            "timeouts": null,
            "user_data": null,
            "user_data_base64": null,
            "user_data_replace_on_change": false,
            "volume_tags": null,
            "vpc_security_group_ids": [
              "sg-be5014e5"
            ]
          },
          "sensitive_attributes": [],
          "private": "eyJlMmJmYjczMC1lY2FhLTExZTYtOGY4OC0zNDM2M2JjN2M0YzAiOnsiY3JlYXRlIjo2MDAwMDAwMDAwMDAsImRlbGV0ZSI6MTIwMDAwMDAwMDAwMCwidXBkYXRlIjo2MDAwMDAwMDAwMDB9LCJzY2hlbWFfdmVyc2lvbiI6IjEifQ==",
          "dependencies": [
            "module.instance.aws_key_pair.developer"
          ]
        }
      ]
    },
    {
      "module": "module.instance",
      "mode": "managed",
      "type": "aws_key_pair",
      "name": "developer",
      "provider": "provider[\"registry.terraform.io/hashicorp/aws\"]",
      "instances": [
        {
          "schema_version": 1,
          "attributes": {
            "arn": "arn:aws:ec2:us-east-1:451580661174:key-pair/developer",
            "fingerprint": "5b:bb:72:a0:66:2f:8b:f8:e8:b7:99:f0:06:a8:34:ac",
            "id": "developer",
            "key_name": "developer",
            "key_name_prefix": "",
            "key_pair_id": "key-06f76581375a859e6",
            "key_type": "rsa",
            "public_key": "ssh-rsa AAAAB3NzaC1yc2EAAAADAQABAAABgQDN+GhWoNfC5k50CUuFU8eL5Czuq3x3iSKInSLdUxJuBeEctVftJ74r9Dzub9+AspnoEdlbNQ8B9QklFzeJByllSiKLvv2mncwDWJtApCREMKuWf9PJcekilKlDIRKIvj5nIN03mOn3mQ+xM7ZgImrBKwdXGRVlXMfr/8nKzVuLt1DTXPu9yUtyuPvlos7KHpPbCCgnvAVamRoOflSMIbUZi9vfU3iyofllFpvmvsuPieUZXy+gYOU0D5h/ZAmsCi8jURZLhA1uBc7WAzf8vg957uX6aC9thvRGMOkpMFkTuO84uXXkCpi/GchUoTEqPqhCz1UanWcywJc/T7CKKO5EX4/umZXoxjB32Px/53VTqjx7fn1IZH8Pq9cuYQY0F68tIAH9tp545AcHG8u64DWdZMvrOFlrIwO7YoFoc+VaXajh8l3zpybRPai4LmXdbsM5WwwbJVSK5ldRbI4IORSf9PsS2kye6xjYGvxWLpSmC7QTWB32PsaQY3KxjecfD40= Asus@DESKTOP-QIO87QA",
            "tags": null,
            "tags_all": {}
          },
          "sensitive_attributes": [],
          "private": "eyJzY2hlbWFfdmVyc2lvbiI6IjEifQ=="
        }
      ]
    }
  ],
  "check_results": null
}
